
Microsoft Visual Studio Solution File, Format Version 12.00
# Visual Studio Version 16
VisualStudioVersion = 16.0.30717.126
MinimumVisualStudioVersion = 10.0.40219.1
Project("{FAE04EC0-301F-11D3-BF4B-00C04F79EFBC}") = "Projekt 2", "Projekt 2\Projekt 2.csproj", "{1FE84FDC-8307-4481-81CB-665A21D9DD4B}"
EndProject
Global
	GlobalSection(SolutionConfigurationPlatforms) = preSolution
		Debug|Any CPU = Debug|Any CPU
		Release|Any CPU = Release|Any CPU
	EndGlobalSection
	GlobalSection(ProjectConfigurationPlatforms) = postSolution
		{1FE84FDC-8307-4481-81CB-665A21D9DD4B}.Debug|Any CPU.ActiveCfg = Debug|Any CPU
		{1FE84FDC-8307-4481-81CB-665A21D9DD4B}.Debug|Any CPU.Build.0 = Debug|Any CPU
		{1FE84FDC-8307-4481-81CB-665A21D9DD4B}.Release|Any CPU.ActiveCfg = Release|Any CPU
		{1FE84FDC-8307-4481-81CB-665A21D9DD4B}.Release|Any CPU.Build.0 = Release|Any CPU
	EndGlobalSection
	GlobalSection(SolutionProperties) = preSolution
		HideSolutionNode = FALSE
	EndGlobalSection
	GlobalSection(ExtensibilityGlobals) = postSolution
		SolutionGuid = {DCD4BC99-EBB4-45F4-BA4D-A1B22F56E85B}
	EndGlobalSection
EndGlobal
